// !$*UTF8*$!
{
	archiveVersion = 1;
	classes = {
	};
	objectVersion = 46;
	objects = {

/* Begin PBXBuildFile section */
		2228A81E1C72D3EC008B31C2 /* main.m in Sources */ = {isa = PBXBuildFile; fileRef = 2228A81D1C72D3EC008B31C2 /* main.m */; };
		2228A8211C72D3EC008B31C2 /* AppDelegate.m in Sources */ = {isa = PBXBuildFile; fileRef = 2228A8201C72D3EC008B31C2 /* AppDelegate.m */; };
		2228A8241C72D3EC008B31C2 /* ViewController.m in Sources */ = {isa = PBXBuildFile; fileRef = 2228A8231C72D3EC008B31C2 /* ViewController.m */; };
		2228A8271C72D3EC008B31C2 /* Main.storyboard in Resources */ = {isa = PBXBuildFile; fileRef = 2228A8251C72D3EC008B31C2 /* Main.storyboard */; };
		2228A8291C72D3EC008B31C2 /* Assets.xcassets in Resources */ = {isa = PBXBuildFile; fileRef = 2228A8281C72D3EC008B31C2 /* Assets.xcassets */; };
		2228A82C1C72D3EC008B31C2 /* LaunchScreen.storyboard in Resources */ = {isa = PBXBuildFile; fileRef = 2228A82A1C72D3EC008B31C2 /* LaunchScreen.storyboard */; };
		2228A8531C72D81A008B31C2 /* RSSwizzle.m in Sources */ = {isa = PBXBuildFile; fileRef = 2228A84A1C72D81A008B31C2 /* RSSwizzle.m */; };
		2228A8541C72D81A008B31C2 /* UIButton+SHExtension.m in Sources */ = {isa = PBXBuildFile; fileRef = 2228A84C1C72D81A008B31C2 /* UIButton+SHExtension.m */; };
		2228A8551C72D81A008B31C2 /* UIImage+SHExtension.m in Sources */ = {isa = PBXBuildFile; fileRef = 2228A84E1C72D81A008B31C2 /* UIImage+SHExtension.m */; };
		2228A8561C72D81A008B31C2 /* UITextView+Placeholder.m in Sources */ = {isa = PBXBuildFile; fileRef = 2228A8501C72D81A008B31C2 /* UITextView+Placeholder.m */; };
		2228A8571C72D81A008B31C2 /* UIView+SHExtension.m in Sources */ = {isa = PBXBuildFile; fileRef = 2228A8521C72D81A008B31C2 /* UIView+SHExtension.m */; };
/* End PBXBuildFile section */

/* Begin PBXFileReference section */
		2228A8191C72D3EC008B31C2 /* SHExtensionTool.app */ = {isa = PBXFileReference; explicitFileType = wrapper.application; includeInIndex = 0; path = SHExtensionTool.app; sourceTree = BUILT_PRODUCTS_DIR; };
		2228A81D1C72D3EC008B31C2 /* main.m */ = {isa = PBXFileReference; lastKnownFileType = sourcecode.c.objc; path = main.m; sourceTree = "<group>"; };
		2228A81F1C72D3EC008B31C2 /* AppDelegate.h */ = {isa = PBXFileReference; lastKnownFileType = sourcecode.c.h; path = AppDelegate.h; sourceTree = "<group>"; };
		2228A8201C72D3EC008B31C2 /* AppDelegate.m */ = {isa = PBXFileReference; lastKnownFileType = sourcecode.c.objc; path = AppDelegate.m; sourceTree = "<group>"; };
		2228A8221C72D3EC008B31C2 /* ViewController.h */ = {isa = PBXFileReference; lastKnownFileType = sourcecode.c.h; path = ViewController.h; sourceTree = "<group>"; };
		2228A8231C72D3EC008B31C2 /* ViewController.m */ = {isa = PBXFileReference; lastKnownFileType = sourcecode.c.objc; path = ViewController.m; sourceTree = "<group>"; };
		2228A8261C72D3EC008B31C2 /* Base */ = {isa = PBXFileReference; lastKnownFileType = file.storyboard; name = Base; path = Base.lproj/Main.storyboard; sourceTree = "<group>"; };
		2228A8281C72D3EC008B31C2 /* Assets.xcassets */ = {isa = PBXFileReference; lastKnownFileType = folder.assetcatalog; path = Assets.xcassets; sourceTree = "<group>"; };
		2228A82B1C72D3EC008B31C2 /* Base */ = {isa = PBXFileReference; lastKnownFileType = file.storyboard; name = Base; path = Base.lproj/LaunchScreen.storyboard; sourceTree = "<group>"; };
		2228A82D1C72D3EC008B31C2 /* Info.plist */ = {isa = PBXFileReference; lastKnownFileType = text.plist.xml; path = Info.plist; sourceTree = "<group>"; };
		2228A8491C72D81A008B31C2 /* RSSwizzle.h */ = {isa = PBXFileReference; fileEncoding = 4; lastKnownFileType = sourcecode.c.h; path = RSSwizzle.h; sourceTree = "<group>"; };
		2228A84A1C72D81A008B31C2 /* RSSwizzle.m */ = {isa = PBXFileReference; fileEncoding = 4; lastKnownFileType = sourcecode.c.objc; path = RSSwizzle.m; sourceTree = "<group>"; };
		2228A84B1C72D81A008B31C2 /* UIButton+SHExtension.h */ = {isa = PBXFileReference; fileEncoding = 4; lastKnownFileType = sourcecode.c.h; path = "UIButton+SHExtension.h"; sourceTree = "<group>"; };
		2228A84C1C72D81A008B31C2 /* UIButton+SHExtension.m */ = {isa = PBXFileReference; fileEncoding = 4; lastKnownFileType = sourcecode.c.objc; path = "UIButton+SHExtension.m"; sourceTree = "<group>"; };
		2228A84D1C72D81A008B31C2 /* UIImage+SHExtension.h */ = {isa = PBXFileReference; fileEncoding = 4; lastKnownFileType = sourcecode.c.h; path = "UIImage+SHExtension.h"; sourceTree = "<group>"; };
		2228A84E1C72D81A008B31C2 /* UIImage+SHExtension.m */ = {isa = PBXFileReference; fileEncoding = 4; lastKnownFileType = sourcecode.c.objc; path = "UIImage+SHExtension.m"; sourceTree = "<group>"; };
		2228A84F1C72D81A008B31C2 /* UITextView+Placeholder.h */ = {isa = PBXFileReference; fileEncoding = 4; lastKnownFileType = sourcecode.c.h; path = "UITextView+Placeholder.h"; sourceTree = "<group>"; };
		2228A8501C72D81A008B31C2 /* UITextView+Placeholder.m */ = {isa = PBXFileReference; fileEncoding = 4; lastKnownFileType = sourcecode.c.objc; path = "UITextView+Placeholder.m"; sourceTree = "<group>"; };
		2228A8511C72D81A008B31C2 /* UIView+SHExtension.h */ = {isa = PBXFileReference; fileEncoding = 4; lastKnownFileType = sourcecode.c.h; path = "UIView+SHExtension.h"; sourceTree = "<group>"; };
		2228A8521C72D81A008B31C2 /* UIView+SHExtension.m */ = {isa = PBXFileReference; fileEncoding = 4; lastKnownFileType = sourcecode.c.objc; path = "UIView+SHExtension.m"; sourceTree = "<group>"; };
/* End PBXFileReference section */

/* Begin PBXFrameworksBuildPhase section */
		2228A8161C72D3EC008B31C2 /* Frameworks */ = {
			isa = PBXFrameworksBuildPhase;
			buildActionMask = 2147483647;
			files = (
			);
			runOnlyForDeploymentPostprocessing = 0;
		};
/* End PBXFrameworksBuildPhase section */

/* Begin PBXGroup section */
		2228A8101C72D3EB008B31C2 = {
			isa = PBXGroup;
			children = (
				2228A81B1C72D3EC008B31C2 /* SHExtensionTool */,
				2228A81A1C72D3EC008B31C2 /* Products */,
			);
			sourceTree = "<group>";
		};
		2228A81A1C72D3EC008B31C2 /* Products */ = {
			isa = PBXGroup;
			children = (
				2228A8191C72D3EC008B31C2 /* SHExtensionTool.app */,
			);
			name = Products;
			sourceTree = "<group>";
		};
		2228A81B1C72D3EC008B31C2 /* SHExtensionTool */ = {
			isa = PBXGroup;
			children = (
				2228A8481C72D81A008B31C2 /* SHExtensionTool */,
				2228A81F1C72D3EC008B31C2 /* AppDelegate.h */,
				2228A8201C72D3EC008B31C2 /* AppDelegate.m */,
				2228A8221C72D3EC008B31C2 /* ViewController.h */,
				2228A8231C72D3EC008B31C2 /* ViewController.m */,
				2228A8251C72D3EC008B31C2 /* Main.storyboard */,
				2228A8281C72D3EC008B31C2 /* Assets.xcassets */,
				2228A82A1C72D3EC008B31C2 /* LaunchScreen.storyboard */,
				2228A82D1C72D3EC008B31C2 /* Info.plist */,
				2228A81C1C72D3EC008B31C2 /* Supporting Files */,
			);
			path = SHExtensionTool;
			sourceTree = "<group>";
		};
		2228A81C1C72D3EC008B31C2 /* Supporting Files */ = {
			isa = PBXGroup;
			children = (
				2228A81D1C72D3EC008B31C2 /* main.m */,
			);
			name = "Supporting Files";
			sourceTree = "<group>";
		};
		2228A8481C72D81A008B31C2 /* SHExtensionTool */ = {
			isa = PBXGroup;
			children = (
				2228A8491C72D81A008B31C2 /* RSSwizzle.h */,
				2228A84A1C72D81A008B31C2 /* RSSwizzle.m */,
				2228A84B1C72D81A008B31C2 /* UIButton+SHExtension.h */,
				2228A84C1C72D81A008B31C2 /* UIButton+SHExtension.m */,
				2228A84D1C72D81A008B31C2 /* UIImage+SHExtension.h */,
				2228A84E1C72D81A008B31C2 /* UIImage+SHExtension.m */,
				2228A84F1C72D81A008B31C2 /* UITextView+Placeholder.h */,
				2228A8501C72D81A008B31C2 /* UITextView+Placeholder.m */,
				2228A8511C72D81A008B31C2 /* UIView+SHExtension.h */,
				2228A8521C72D81A008B31C2 /* UIView+SHExtension.m */,
			);
			path = SHExtensionTool;
			sourceTree = "<group>";
		};
/* End PBXGroup section */

/* Begin PBXNativeTarget section */
		2228A8181C72D3EC008B31C2 /* SHExtensionTool */ = {
			isa = PBXNativeTarget;
			buildConfigurationList = 2228A8301C72D3EC008B31C2 /* Build configuration list for PBXNativeTarget "SHExtensionTool" */;
			buildPhases = (
				2228A8151C72D3EC008B31C2 /* Sources */,
				2228A8161C72D3EC008B31C2 /* Frameworks */,
				2228A8171C72D3EC008B31C2 /* Resources */,
			);
			buildRules = (
			);
			dependencies = (
			);
			name = SHExtensionTool;
			productName = SHExtensionTool;
			productReference = 2228A8191C72D3EC008B31C2 /* SHExtensionTool.app */;
			productType = "com.apple.product-type.application";
		};
/* End PBXNativeTarget section */

/* Begin PBXProject section */
		2228A8111C72D3EB008B31C2 /* Project object */ = {
			isa = PBXProject;
			attributes = {
				LastUpgradeCheck = 0720;
				ORGANIZATIONNAME = Sam;
				TargetAttributes = {
					2228A8181C72D3EC008B31C2 = {
						CreatedOnToolsVersion = 7.2;
					};
				};
			};
			buildConfigurationList = 2228A8141C72D3EB008B31C2 /* Build configuration list for PBXProject "SHExtensionTool" */;
			compatibilityVersion = "Xcode 3.2";
			developmentRegion = English;
			hasScannedForEncodings = 0;
			knownRegions = (
				en,
				Base,
			);
			mainGroup = 2228A8101C72D3EB008B31C2;
			productRefGroup = 2228A81A1C72D3EC008B31C2 /* Products */;
			projectDirPath = "";
			projectRoot = "";
			targets = (
				2228A8181C72D3EC008B31C2 /* SHExtensionTool */,
			);
		};
/* End PBXProject section */

/* Begin PBXResourcesBuildPhase section */
		2228A8171C72D3EC008B31C2 /* Resources */ = {
			isa = PBXResourcesBuildPhase;
			buildActionMask = 2147483647;
			files = (
				2228A82C1C72D3EC008B31C2 /* LaunchScreen.storyboard in Resources */,
				2228A8291C72D3EC008B31C2 /* Assets.xcassets in Resources */,
				2228A8271C72D3EC008B31C2 /* Main.storyboard in Resources */,
			);
			runOnlyForDeploymentPostprocessing = 0;
		};
/* End PBXResourcesBuildPhase section */

/* Begin PBXSourcesBuildPhase section */
		2228A8151C72D3EC008B31C2 /* Sources */ = {
			isa = PBXSourcesBuildPhase;
			buildActionMask = 2147483647;
			files = (
				2228A8241C72D3EC008B31C2 /* ViewController.m in Sources */,
				2228A8561C72D81A008B31C2 /* UITextView+Placeholder.m in Sources */,
				2228A8541C72D81A008B31C2 /* UIButton+SHExtension.m in Sources */,
				2228A8571C72D81A008B31C2 /* UIView+SHExtension.m in Sources */,
				2228A8211C72D3EC008B31C2 /* AppDelegate.m in Sources */,
				2228A81E1C72D3EC008B31C2 /* main.m in Sources */,
				2228A8551C72D81A008B31C2 /* UIImage+SHExtension.m in Sources */,
				2228A8531C72D81A008B31C2 /* RSSwizzle.m in Sources */,
			);
			runOnlyForDeploymentPostprocessing = 0;
		};
/* End PBXSourcesBuildPhase section */

/* Begin PBXVariantGroup section */
		2228A8251C72D3EC008B31C2 /* Main.storyboard */ = {
			isa = PBXVariantGroup;
			children = (
				2228A8261C72D3EC008B31C2 /* Base */,
			);
			name = Main.storyboard;
			sourceTree = "<group>";
		};
		2228A82A1C72D3EC008B31C2 /* LaunchScreen.storyboard */ = {
			isa = PBXVariantGroup;
			children = (
				2228A82B1C72D3EC008B31C2 /* Base */,
			);
			name = LaunchScreen.storyboard;
			sourceTree = "<group>";
		};
/* End PBXVariantGroup section */

/* Begin XCBuildConfiguration section */
		2228A82E1C72D3EC008B31C2 /* Debug */ = {
			isa = XCBuildConfiguration;
			buildSettings = {
				ALWAYS_SEARCH_USER_PATHS = NO;
				CLANG_CXX_LANGUAGE_STANDARD = "gnu++0x";
				CLANG_CXX_LIBRARY = "libc++";
				CLANG_ENABLE_MODULES = YES;
				CLANG_ENABLE_OBJC_ARC = YES;
				CLANG_WARN_BOOL_CONVERSION = YES;
				CLANG_WARN_CONSTANT_CONVERSION = YES;
				CLANG_WARN_DIRECT_OBJC_ISA_USAGE = YES_ERROR;
				CLANG_WARN_EMPTY_BODY = YES;
				CLANG_WARN_ENUM_CONVERSION = YES;
				CLANG_WARN_INT_CONVERSION = YES;
				CLANG_WARN_OBJC_ROOT_CLASS = YES_ERROR;
				CLANG_WARN_UNREACHABLE_CODE = YES;
				CLANG_WARN__DUPLICATE_METHOD_MATCH = YES;
				"CODE_SIGN_IDENTITY[sdk=iphoneos*]" = "iPhone Developer";
				COPY_PHASE_STRIP = NO;
				DEBUG_INFORMATION_FORMAT = dwarf;
				ENABLE_STRICT_OBJC_MSGSEND = YES;
				ENABLE_TESTABILITY = YES;
				GCC_C_LANGUAGE_STANDARD = gnu99;
				GCC_DYNAMIC_NO_PIC = NO;
				GCC_NO_COMMON_BLOCKS = YES;
				GCC_OPTIMIZATION_LEVEL = 0;
				GCC_PREPROCESSOR_DEFINITIONS = (
					"DEBUG=1",
					"$(inherited)",
				);
				GCC_WARN_64_TO_32_BIT_CONVERSION = YES;
				GCC_WARN_ABOUT_RETURN_TYPE = YES_ERROR;
				GCC_WARN_UNDECLARED_SELECTOR = YES;
				GCC_WARN_UNINITIALIZED_AUTOS = YES_AGGRESSIVE;
				GCC_WARN_UNUSED_FUNCTION = YES;
				GCC_WARN_UNUSED_VARIABLE = YES;
				IPHONEOS_DEPLOYMENT_TARGET = 9.2;
				MTL_ENABLE_DEBUG_INFO = YES;
				ONLY_ACTIVE_ARCH = YES;
				SDKROOT = iphoneos;
			};
			name = Debug;
		};
		2228A82F1C72D3EC008B31C2 /* Release */ = {
			isa = XCBuildConfiguration;
			buildSettings = {
				ALWAYS_SEARCH_USER_PATHS = NO;
				CLANG_CXX_LANGUAGE_STANDARD = "gnu++0x";
				CLANG_CXX_LIBRARY = "libc++";
				CLANG_ENABLE_MODULES = YES;
				CLANG_ENABLE_OBJC_ARC = YES;
				CLANG_WARN_BOOL_CONVERSION = YES;
				CLANG_WARN_CONSTANT_CONVERSION = YES;
				CLANG_WARN_DIRECT_OBJC_ISA_USAGE = YES_ERROR;
				CLANG_WARN_EMPTY_BODY = YES;
				CLANG_WARN_ENUM_CONVERSION = YES;
				CLANG_WARN_INT_CONVERSION = YES;
				CLANG_WARN_OBJC_ROOT_CLASS = YES_ERROR;
				CLANG_WARN_UNREACHABLE_CODE = YES;
				CLANG_WARN__DUPLICATE_METHOD_MATCH = YES;
				"CODE_SIGN_IDENTITY[sdk=iphoneos*]" = "iPhone Developer";
				COPY_PHASE_STRIP = NO;
				DEBUG_INFORMATION_FORMAT = "dwarf-with-dsym";
				ENABLE_NS_ASSERTIONS = NO;
				ENABLE_STRICT_OBJC_MSGSEND = YES;
				GCC_C_LANGUAGE_STANDARD = gnu99;
				GCC_NO_COMMON_BLOCKS = YES;
				GCC_WARN_64_TO_32_BIT_CONVERSION = YES;
				GCC_WARN_ABOUT_RETURN_TYPE = YES_ERROR;
				GCC_WARN_UNDECLARED_SELECTOR = YES;
				GCC_WARN_UNINITIALIZED_AUTOS = YES_AGGRESSIVE;
				GCC_WARN_UNUSED_FUNCTION = YES;
				GCC_WARN_UNUSED_VARIABLE = YES;
				IPHONEOS_DEPLOYMENT_TARGET = 9.2;
				MTL_ENABLE_DEBUG_INFO = NO;
				SDKROOT = iphoneos;
				VALIDATE_PRODUCT = YES;
			};
			name = Release;
		};
		2228A8311C72D3EC008B31C2 /* Debug */ = {
			isa = XCBuildConfiguration;
			buildSettings = {
				ASSETCATALOG_COMPILER_APPICON_NAME = AppIcon;
				INFOPLIST_FILE = SHExtensionTool/Info.plist;
				LD_RUNPATH_SEARCH_PATHS = "$(inherited) @executable_path/Frameworks";
				PRODUCT_BUNDLE_IDENTIFIER = com.chensenhai.SHExtensionTool;
				PRODUCT_NAME = "$(TARGET_NAME)";
			};
			name = Debug;
		};
		2228A8321C72D3EC008B31C2 /* Release */ = {
			isa = XCBuildConfiguration;
			buildSettings = {
				ASSETCATALOG_COMPILER_APPICON_NAME = AppIcon;
				INFOPLIST_FILE = SHExtensionTool/Info.plist;
				LD_RUNPATH_SEARCH_PATHS = "$(inherited) @executable_path/Frameworks";
				PRODUCT_BUNDLE_IDENTIFIER = com.chensenhai.SHExtensionTool;
				PRODUCT_NAME = "$(TARGET_NAME)";
			};
			name = Release;
		};
/* End XCBuildConfiguration section */

/* Begin XCConfigurationList section */
		2228A8141C72D3EB008B31C2 /* Build configuration list for PBXProject "SHExtensionTool" */ = {
			isa = XCConfigurationList;
			buildConfigurations = (
				2228A82E1C72D3EC008B31C2 /* Debug */,
				2228A82F1C72D3EC008B31C2 /* Release */,
			);
			defaultConfigurationIsVisible = 0;
			defaultConfigurationName = Release;
		};
		2228A8301C72D3EC008B31C2 /* Build configuration list for PBXNativeTarget "SHExtensionTool" */ = {
			isa = XCConfigurationList;
			buildConfigurations = (
				2228A8311C72D3EC008B31C2 /* Debug */,
				2228A8321C72D3EC008B31C2 /* Release */,
			);
			defaultConfigurationIsVisible = 0;
		};
/* End XCConfigurationList section */
	};
	rootObject = 2228A8111C72D3EB008B31C2 /* Project object */;
}
